<?xml version="1.0" encoding="utf-8"?>
<Project ToolsVersion="4.0" xmlns="http://schemas.microsoft.com/developer/msbuild/2003">
  <ItemGroup>
    <Filter Include="function">
      <UniqueIdentifier>{6678e389-c9e9-44cf-9586-694a1286a165}</UniqueIdentifier>
    </Filter>
    <Filter Include="function\global">
      <UniqueIdentifier>{4e7fd6f9-ad90-463d-a684-d332f2c5e161}</UniqueIdentifier>
    </Filter>
    <Filter Include="function\render">
      <UniqueIdentifier>{b48fdeb6-56ca-49e4-aa57-781309351416}</UniqueIdentifier>
    </Filter>
  </ItemGroup>
  <ItemGroup>
    <ClCompile Include="source\engine.cpp" />
    <ClCompile Include="source\main.cpp" />
    <ClCompile Include="source\function\global\global_context.cpp">
      <Filter>function\global</Filter>
    </ClCompile>
    <ClCompile Include="source\function\render\RenderSystem.cpp">
      <Filter>function\render</Filter>
    </ClCompile>
    <ClCompile Include="source\function\render\WindowSystem.cpp">
      <Filter>function\render</Filter>
    </ClCompile>
  </ItemGroup>
  <ItemGroup>
    <ClInclude Include="source\engine.h" />
    <ClInclude Include="source\function\global\global_context.h">
      <Filter>function\global</Filter>
    </ClInclude>
    <ClInclude Include="source\function\render\WindowSystem.h">
      <Filter>function\render</Filter>
    </ClInclude>
    <ClInclude Include="source\function\render\RenderSystem.h">
      <Filter>function\render</Filter>
    </ClInclude>
  </ItemGroup>
</Project>