<?xml version="1.0" encoding="utf-8"?>
<Project ToolsVersion="4.0" xmlns="http://schemas.microsoft.com/developer/msbuild/2003">
  <ItemGroup>
    <Filter Include="function">
      <UniqueIdentifier>{6678e389-c9e9-44cf-9586-694a1286a165}</UniqueIdentifier>
    </Filter>
    <Filter Include="function\global">
      <UniqueIdentifier>{4e7fd6f9-ad90-463d-a684-d332f2c5e161}</UniqueIdentifier>
    </Filter>
    <Filter Include="function\render">
      <UniqueIdentifier>{b48fdeb6-56ca-49e4-aa57-781309351416}</UniqueIdentifier>
    </Filter>
    <Filter Include="core">
      <UniqueIdentifier>{a06962de-bcc2-45fb-b821-89f922b53f50}</UniqueIdentifier>
    </Filter>
    <Filter Include="core\log">
      <UniqueIdentifier>{780849c6-676c-4591-b48f-50d3af78e1d3}</UniqueIdentifier>
    </Filter>
    <Filter Include="core\base">
      <UniqueIdentifier>{94997c8b-0046-45ae-abed-9bcb9780ffb8}</UniqueIdentifier>
    </Filter>
  </ItemGroup>
  <ItemGroup>
    <ClCompile Include="source\Engine.cpp" />
    <ClCompile Include="source\main.cpp" />
    <ClCompile Include="source\function\global\GlobalContext.cpp">
      <Filter>function\global</Filter>
    </ClCompile>
    <ClCompile Include="source\function\render\RenderSystem.cpp">
      <Filter>function\render</Filter>
    </ClCompile>
    <ClCompile Include="source\function\render\WindowSystem.cpp">
      <Filter>function\render</Filter>
    </ClCompile>
    <ClCompile Include="source\core\log\LogSystem.cpp">
      <Filter>core\log</Filter>
    </ClCompile>
  </ItemGroup>
  <ItemGroup>
    <ClInclude Include="source\Engine.h" />
    <ClInclude Include="source\function\global\GlobalContext.h">
      <Filter>function\global</Filter>
    </ClInclude>
    <ClInclude Include="source\function\render\WindowSystem.h">
      <Filter>function\render</Filter>
    </ClInclude>
    <ClInclude Include="source\function\render\RenderSystem.h">
      <Filter>function\render</Filter>
    </ClInclude>
    <ClInclude Include="source\core\log\LogSystem.h">
      <Filter>core\log</Filter>
    </ClInclude>
    <ClInclude Include="source\core\base\macro.h">
      <Filter>core\base</Filter>
    </ClInclude>
  </ItemGroup>
</Project>